
Microsoft Visual Studio Solution File, Format Version 12.00
# Visual Studio Version 17
VisualStudioVersion = 17.13.35913.81
MinimumVisualStudioVersion = 10.0.40219.1
Project("{FAE04EC0-301F-11D3-BF4B-00C04F79EFBC}") = "ConversiaTemperaturii", "ConversiaTemperaturii\ConversiaTemperaturii.csproj", "{466FCFE2-4F08-460B-9EC2-4E33EC9EB34B}"
EndProject
Project("{FAE04EC0-301F-11D3-BF4B-00C04F79EFBC}") = "IMC", "IMC\IMC.csproj", "{490FA3F4-A6F2-4535-ACF6-FE6C170D2D1F}"
EndProject
Project("{FAE04EC0-301F-11D3-BF4B-00C04F79EFBC}") = "OptionalCalculSalariu", "OptionalCalculSalariu\OptionalCalculSalariu.csproj", "{6A992FBA-5858-4CAD-819E-22510889AE53}"
EndProject
Project("{FAE04EC0-301F-11D3-BF4B-00C04F79EFBC}") = "OptionalCalculator", "OptionalCalculator\OptionalCalculator.csproj", "{8A5ACE70-A4AD-49BA-9E01-3754060854D0}"
EndProject
Project("{FAE04EC0-301F-11D3-BF4B-00C04F79EFBC}") = "GestionareaDataNastere", "GestionareaDataNastere\GestionareaDataNastere.csproj", "{9B13D992-15E3-4EBD-B329-23100600719C}"
EndProject
Project("{FAE04EC0-301F-11D3-BF4B-00C04F79EFBC}") = "GestionareaInformatiiDespreStudenti", "GestionareaInformatiiDespreStudenti\GestionareaInformatiiDespreStudenti.csproj", "{6164C95E-91AC-4F35-8241-9B46DF1E9022}"
EndProject
Project("{FAE04EC0-301F-11D3-BF4B-00C04F79EFBC}") = "DiferenteTValoriSiTReferinta", "DiferenteTValoriSiTReferinta\DiferenteTValoriSiTReferinta.csproj", "{D8F3AEC1-3E58-4DC6-9614-B2CF4092162D}"
EndProject
Project("{FAE04EC0-301F-11D3-BF4B-00C04F79EFBC}") = "Filtrarea și Procesarea Unor Obiecte Diverse", "Filtrarea și Procesarea Unor Obiecte Diverse\Filtrarea și Procesarea Unor Obiecte Diverse.csproj", "{E1BB54E1-0733-4925-BFEF-FD8D52DCB6BC}"
EndProject
Project("{FAE04EC0-301F-11D3-BF4B-00C04F79EFBC}") = "Evaluarea calificativului studenților", "Evaluarea calificativului studenților\Evaluarea calificativului studenților.csproj", "{3D4235CF-DABF-43E1-AE85-A72BAC55FF0E}"
EndProject
Project("{FAE04EC0-301F-11D3-BF4B-00C04F79EFBC}") = "Gestionare a meniului", "Gestionare a meniului\Gestionare a meniului.csproj", "{27E399B2-FC03-4EE6-B8C0-6E30925B950C}"
EndProject
Project("{FAE04EC0-301F-11D3-BF4B-00C04F79EFBC}") = "Utilizare array unidimensional", "Utilizare array unidimensional\Utilizare array unidimensional.csproj", "{ABAE540F-38FD-4FDA-A3ED-E6A211817407}"
EndProject
Project("{FAE04EC0-301F-11D3-BF4B-00C04F79EFBC}") = "Utilizare array bidimensional", "Utilizare array bidimensional\Utilizare array bidimensional.csproj", "{B50F5257-F0C8-4C4E-8561-936474A79E41}"
EndProject
Project("{FAE04EC0-301F-11D3-BF4B-00C04F79EFBC}") = "Optional_ArrayMaxMin", "Optional_ArrayMaxMin\Optional_ArrayMaxMin.csproj", "{14AA0E56-4CC0-44F3-BEA2-948A3818C9BE}"
EndProject
Project("{FAE04EC0-301F-11D3-BF4B-00C04F79EFBC}") = "NoteElev", "NoteElev\NoteElev.csproj", "{894BCC58-30DD-4E97-AD8E-740F7351B0AB}"
EndProject
Project("{FAE04EC0-301F-11D3-BF4B-00C04F79EFBC}") = "SumaCifreiWhile", "SumaCifreiWhile\SumaCifreiWhile.csproj", "{7E83B197-D644-4FFB-8952-25018CE6E060}"
EndProject
Project("{FAE04EC0-301F-11D3-BF4B-00C04F79EFBC}") = "Ex1. Calcularea mediei unui set de note", "Ex1. Calcularea mediei unui set de note\Ex1. Calcularea mediei unui set de note.csproj", "{052A7D00-5D8E-4D8F-B9CE-1AC297A2FF76}"
EndProject
Project("{FAE04EC0-301F-11D3-BF4B-00C04F79EFBC}") = "Ex2. Validarea datelor de autentificare", "Ex2. Validarea datelor de autentificare\Ex2. Validarea datelor de autentificare.csproj", "{D915B728-60CA-4E10-AF03-092DAE612AEC}"
EndProject
Project("{FAE04EC0-301F-11D3-BF4B-00C04F79EFBC}") = "Ex3. OPTIONAL Gestionarea unui inventar de produse", "Ex3. OPTIONAL Gestionarea unui inventar de produse\Ex3. OPTIONAL Gestionarea unui inventar de produse.csproj", "{C61EC831-5A35-4FBF-AE95-BEEA5DF5D688}"
EndProject
Global
	GlobalSection(SolutionConfigurationPlatforms) = preSolution
		Debug|Any CPU = Debug|Any CPU
		Release|Any CPU = Release|Any CPU
	EndGlobalSection
	GlobalSection(ProjectConfigurationPlatforms) = postSolution
		{466FCFE2-4F08-460B-9EC2-4E33EC9EB34B}.Debug|Any CPU.ActiveCfg = Debug|Any CPU
		{466FCFE2-4F08-460B-9EC2-4E33EC9EB34B}.Debug|Any CPU.Build.0 = Debug|Any CPU
		{466FCFE2-4F08-460B-9EC2-4E33EC9EB34B}.Release|Any CPU.ActiveCfg = Release|Any CPU
		{466FCFE2-4F08-460B-9EC2-4E33EC9EB34B}.Release|Any CPU.Build.0 = Release|Any CPU
		{490FA3F4-A6F2-4535-ACF6-FE6C170D2D1F}.Debug|Any CPU.ActiveCfg = Debug|Any CPU
		{490FA3F4-A6F2-4535-ACF6-FE6C170D2D1F}.Debug|Any CPU.Build.0 = Debug|Any CPU
		{490FA3F4-A6F2-4535-ACF6-FE6C170D2D1F}.Release|Any CPU.ActiveCfg = Release|Any CPU
		{490FA3F4-A6F2-4535-ACF6-FE6C170D2D1F}.Release|Any CPU.Build.0 = Release|Any CPU
		{6A992FBA-5858-4CAD-819E-22510889AE53}.Debug|Any CPU.ActiveCfg = Debug|Any CPU
		{6A992FBA-5858-4CAD-819E-22510889AE53}.Debug|Any CPU.Build.0 = Debug|Any CPU
		{6A992FBA-5858-4CAD-819E-22510889AE53}.Release|Any CPU.ActiveCfg = Release|Any CPU
		{6A992FBA-5858-4CAD-819E-22510889AE53}.Release|Any CPU.Build.0 = Release|Any CPU
		{8A5ACE70-A4AD-49BA-9E01-3754060854D0}.Debug|Any CPU.ActiveCfg = Debug|Any CPU
		{8A5ACE70-A4AD-49BA-9E01-3754060854D0}.Debug|Any CPU.Build.0 = Debug|Any CPU
		{8A5ACE70-A4AD-49BA-9E01-3754060854D0}.Release|Any CPU.ActiveCfg = Release|Any CPU
		{8A5ACE70-A4AD-49BA-9E01-3754060854D0}.Release|Any CPU.Build.0 = Release|Any CPU
		{9B13D992-15E3-4EBD-B329-23100600719C}.Debug|Any CPU.ActiveCfg = Debug|Any CPU
		{9B13D992-15E3-4EBD-B329-23100600719C}.Debug|Any CPU.Build.0 = Debug|Any CPU
		{9B13D992-15E3-4EBD-B329-23100600719C}.Release|Any CPU.ActiveCfg = Release|Any CPU
		{9B13D992-15E3-4EBD-B329-23100600719C}.Release|Any CPU.Build.0 = Release|Any CPU
		{6164C95E-91AC-4F35-8241-9B46DF1E9022}.Debug|Any CPU.ActiveCfg = Debug|Any CPU
		{6164C95E-91AC-4F35-8241-9B46DF1E9022}.Debug|Any CPU.Build.0 = Debug|Any CPU
		{6164C95E-91AC-4F35-8241-9B46DF1E9022}.Release|Any CPU.ActiveCfg = Release|Any CPU
		{6164C95E-91AC-4F35-8241-9B46DF1E9022}.Release|Any CPU.Build.0 = Release|Any CPU
		{D8F3AEC1-3E58-4DC6-9614-B2CF4092162D}.Debug|Any CPU.ActiveCfg = Debug|Any CPU
		{D8F3AEC1-3E58-4DC6-9614-B2CF4092162D}.Debug|Any CPU.Build.0 = Debug|Any CPU
		{D8F3AEC1-3E58-4DC6-9614-B2CF4092162D}.Release|Any CPU.ActiveCfg = Release|Any CPU
		{D8F3AEC1-3E58-4DC6-9614-B2CF4092162D}.Release|Any CPU.Build.0 = Release|Any CPU
		{E1BB54E1-0733-4925-BFEF-FD8D52DCB6BC}.Debug|Any CPU.ActiveCfg = Debug|Any CPU
		{E1BB54E1-0733-4925-BFEF-FD8D52DCB6BC}.Debug|Any CPU.Build.0 = Debug|Any CPU
		{E1BB54E1-0733-4925-BFEF-FD8D52DCB6BC}.Release|Any CPU.ActiveCfg = Release|Any CPU
		{E1BB54E1-0733-4925-BFEF-FD8D52DCB6BC}.Release|Any CPU.Build.0 = Release|Any CPU
		{3D4235CF-DABF-43E1-AE85-A72BAC55FF0E}.Debug|Any CPU.ActiveCfg = Debug|Any CPU
		{3D4235CF-DABF-43E1-AE85-A72BAC55FF0E}.Debug|Any CPU.Build.0 = Debug|Any CPU
		{3D4235CF-DABF-43E1-AE85-A72BAC55FF0E}.Release|Any CPU.ActiveCfg = Release|Any CPU
		{3D4235CF-DABF-43E1-AE85-A72BAC55FF0E}.Release|Any CPU.Build.0 = Release|Any CPU
		{27E399B2-FC03-4EE6-B8C0-6E30925B950C}.Debug|Any CPU.ActiveCfg = Debug|Any CPU
		{27E399B2-FC03-4EE6-B8C0-6E30925B950C}.Debug|Any CPU.Build.0 = Debug|Any CPU
		{27E399B2-FC03-4EE6-B8C0-6E30925B950C}.Release|Any CPU.ActiveCfg = Release|Any CPU
		{27E399B2-FC03-4EE6-B8C0-6E30925B950C}.Release|Any CPU.Build.0 = Release|Any CPU
		{ABAE540F-38FD-4FDA-A3ED-E6A211817407}.Debug|Any CPU.ActiveCfg = Debug|Any CPU
		{ABAE540F-38FD-4FDA-A3ED-E6A211817407}.Debug|Any CPU.Build.0 = Debug|Any CPU
		{ABAE540F-38FD-4FDA-A3ED-E6A211817407}.Release|Any CPU.ActiveCfg = Release|Any CPU
		{ABAE540F-38FD-4FDA-A3ED-E6A211817407}.Release|Any CPU.Build.0 = Release|Any CPU
		{B50F5257-F0C8-4C4E-8561-936474A79E41}.Debug|Any CPU.ActiveCfg = Debug|Any CPU
		{B50F5257-F0C8-4C4E-8561-936474A79E41}.Debug|Any CPU.Build.0 = Debug|Any CPU
		{B50F5257-F0C8-4C4E-8561-936474A79E41}.Release|Any CPU.ActiveCfg = Release|Any CPU
		{B50F5257-F0C8-4C4E-8561-936474A79E41}.Release|Any CPU.Build.0 = Release|Any CPU
		{14AA0E56-4CC0-44F3-BEA2-948A3818C9BE}.Debug|Any CPU.ActiveCfg = Debug|Any CPU
		{14AA0E56-4CC0-44F3-BEA2-948A3818C9BE}.Debug|Any CPU.Build.0 = Debug|Any CPU
		{14AA0E56-4CC0-44F3-BEA2-948A3818C9BE}.Release|Any CPU.ActiveCfg = Release|Any CPU
		{14AA0E56-4CC0-44F3-BEA2-948A3818C9BE}.Release|Any CPU.Build.0 = Release|Any CPU
		{894BCC58-30DD-4E97-AD8E-740F7351B0AB}.Debug|Any CPU.ActiveCfg = Debug|Any CPU
		{894BCC58-30DD-4E97-AD8E-740F7351B0AB}.Debug|Any CPU.Build.0 = Debug|Any CPU
		{894BCC58-30DD-4E97-AD8E-740F7351B0AB}.Release|Any CPU.ActiveCfg = Release|Any CPU
		{894BCC58-30DD-4E97-AD8E-740F7351B0AB}.Release|Any CPU.Build.0 = Release|Any CPU
		{7E83B197-D644-4FFB-8952-25018CE6E060}.Debug|Any CPU.ActiveCfg = Debug|Any CPU
		{7E83B197-D644-4FFB-8952-25018CE6E060}.Debug|Any CPU.Build.0 = Debug|Any CPU
		{7E83B197-D644-4FFB-8952-25018CE6E060}.Release|Any CPU.ActiveCfg = Release|Any CPU
		{7E83B197-D644-4FFB-8952-25018CE6E060}.Release|Any CPU.Build.0 = Release|Any CPU
		{052A7D00-5D8E-4D8F-B9CE-1AC297A2FF76}.Debug|Any CPU.ActiveCfg = Debug|Any CPU
		{052A7D00-5D8E-4D8F-B9CE-1AC297A2FF76}.Debug|Any CPU.Build.0 = Debug|Any CPU
		{052A7D00-5D8E-4D8F-B9CE-1AC297A2FF76}.Release|Any CPU.ActiveCfg = Release|Any CPU
		{052A7D00-5D8E-4D8F-B9CE-1AC297A2FF76}.Release|Any CPU.Build.0 = Release|Any CPU
		{D915B728-60CA-4E10-AF03-092DAE612AEC}.Debug|Any CPU.ActiveCfg = Debug|Any CPU
		{D915B728-60CA-4E10-AF03-092DAE612AEC}.Debug|Any CPU.Build.0 = Debug|Any CPU
		{D915B728-60CA-4E10-AF03-092DAE612AEC}.Release|Any CPU.ActiveCfg = Release|Any CPU
		{D915B728-60CA-4E10-AF03-092DAE612AEC}.Release|Any CPU.Build.0 = Release|Any CPU
		{C61EC831-5A35-4FBF-AE95-BEEA5DF5D688}.Debug|Any CPU.ActiveCfg = Debug|Any CPU
		{C61EC831-5A35-4FBF-AE95-BEEA5DF5D688}.Debug|Any CPU.Build.0 = Debug|Any CPU
		{C61EC831-5A35-4FBF-AE95-BEEA5DF5D688}.Release|Any CPU.ActiveCfg = Release|Any CPU
		{C61EC831-5A35-4FBF-AE95-BEEA5DF5D688}.Release|Any CPU.Build.0 = Release|Any CPU
	EndGlobalSection
	GlobalSection(SolutionProperties) = preSolution
		HideSolutionNode = FALSE
	EndGlobalSection
	GlobalSection(ExtensibilityGlobals) = postSolution
		SolutionGuid = {EB5E3950-60A6-496D-83A4-3C1437F1E03D}
	EndGlobalSection
EndGlobal
